
Microsoft Visual Studio Solution File, Format Version 12.00
# Visual Studio Version 17
VisualStudioVersion = 17.10.35013.160
MinimumVisualStudioVersion = 10.0.40219.1
Project("{FAE04EC0-301F-11D3-BF4B-00C04F79EFBC}") = "DebugSapXep", "DebugSapXep\DebugSapXep.csproj", "{5CA7620C-ECCB-45E4-A8BE-78BE7CB7C28A}"
EndProject
Project("{FAE04EC0-301F-11D3-BF4B-00C04F79EFBC}") = "MergeSort", "MergeSort\MergeSort.csproj", "{8A6F7806-ACAC-4500-BA12-3F19E4EF8539}"
EndProject
Project("{FAE04EC0-301F-11D3-BF4B-00C04F79EFBC}") = "Nhan2so", "Nhan2so\Nhan2so.csproj", "{1FF4D468-79BB-4A48-93CE-D90D0284DF3A}"
EndProject
Project("{FAE04EC0-301F-11D3-BF4B-00C04F79EFBC}") = "QuickSort", "QuickSort\QuickSort.csproj", "{AE82F1E0-6A18-4F40-85EB-0B7C298A78FF}"
EndProject
Project("{FAE04EC0-301F-11D3-BF4B-00C04F79EFBC}") = "BinarySearch", "BinarySearch\BinarySearch.csproj", "{81A355B7-6C13-4CB2-8240-CA88E9DDAD13}"
EndProject
Global
	GlobalSection(SolutionConfigurationPlatforms) = preSolution
		Debug|Any CPU = Debug|Any CPU
		Release|Any CPU = Release|Any CPU
	EndGlobalSection
	GlobalSection(ProjectConfigurationPlatforms) = postSolution
		{5CA7620C-ECCB-45E4-A8BE-78BE7CB7C28A}.Debug|Any CPU.ActiveCfg = Debug|Any CPU
		{5CA7620C-ECCB-45E4-A8BE-78BE7CB7C28A}.Debug|Any CPU.Build.0 = Debug|Any CPU
		{5CA7620C-ECCB-45E4-A8BE-78BE7CB7C28A}.Release|Any CPU.ActiveCfg = Release|Any CPU
		{5CA7620C-ECCB-45E4-A8BE-78BE7CB7C28A}.Release|Any CPU.Build.0 = Release|Any CPU
		{8A6F7806-ACAC-4500-BA12-3F19E4EF8539}.Debug|Any CPU.ActiveCfg = Debug|Any CPU
		{8A6F7806-ACAC-4500-BA12-3F19E4EF8539}.Debug|Any CPU.Build.0 = Debug|Any CPU
		{8A6F7806-ACAC-4500-BA12-3F19E4EF8539}.Release|Any CPU.ActiveCfg = Release|Any CPU
		{8A6F7806-ACAC-4500-BA12-3F19E4EF8539}.Release|Any CPU.Build.0 = Release|Any CPU
		{1FF4D468-79BB-4A48-93CE-D90D0284DF3A}.Debug|Any CPU.ActiveCfg = Debug|Any CPU
		{1FF4D468-79BB-4A48-93CE-D90D0284DF3A}.Debug|Any CPU.Build.0 = Debug|Any CPU
		{1FF4D468-79BB-4A48-93CE-D90D0284DF3A}.Release|Any CPU.ActiveCfg = Release|Any CPU
		{1FF4D468-79BB-4A48-93CE-D90D0284DF3A}.Release|Any CPU.Build.0 = Release|Any CPU
		{AE82F1E0-6A18-4F40-85EB-0B7C298A78FF}.Debug|Any CPU.ActiveCfg = Debug|Any CPU
		{AE82F1E0-6A18-4F40-85EB-0B7C298A78FF}.Debug|Any CPU.Build.0 = Debug|Any CPU
		{AE82F1E0-6A18-4F40-85EB-0B7C298A78FF}.Release|Any CPU.ActiveCfg = Release|Any CPU
		{AE82F1E0-6A18-4F40-85EB-0B7C298A78FF}.Release|Any CPU.Build.0 = Release|Any CPU
		{81A355B7-6C13-4CB2-8240-CA88E9DDAD13}.Debug|Any CPU.ActiveCfg = Debug|Any CPU
		{81A355B7-6C13-4CB2-8240-CA88E9DDAD13}.Debug|Any CPU.Build.0 = Debug|Any CPU
		{81A355B7-6C13-4CB2-8240-CA88E9DDAD13}.Release|Any CPU.ActiveCfg = Release|Any CPU
		{81A355B7-6C13-4CB2-8240-CA88E9DDAD13}.Release|Any CPU.Build.0 = Release|Any CPU
	EndGlobalSection
	GlobalSection(SolutionProperties) = preSolution
		HideSolutionNode = FALSE
	EndGlobalSection
	GlobalSection(ExtensibilityGlobals) = postSolution
		SolutionGuid = {99B73273-781D-4579-A36E-71BDB3904BBD}
	EndGlobalSection
EndGlobal
